
Microsoft Visual Studio Solution File, Format Version 12.00
Project("{FAE04EC0-301F-11D3-BF4B-00C04F79EFBC}") = "Infrastructure", "src\Infrastructure\Infrastructure.csproj", "{E7518682-5ED6-441C-93E9-83F68FC37415}"
EndProject
Project("{FAE04EC0-301F-11D3-BF4B-00C04F79EFBC}") = "Application", "src\Application\Application.csproj", "{483FA8EA-2897-4DE9-9697-F7BCB8ED74C9}"
EndProject
Project("{FAE04EC0-301F-11D3-BF4B-00C04F79EFBC}") = "Persistence", "src\Persistence\Persistence.csproj", "{5AAF5C7D-A4DE-43DF-9968-F561FD04E011}"
EndProject
Project("{FAE04EC0-301F-11D3-BF4B-00C04F79EFBC}") = "Domain", "src\Domain\Domain.csproj", "{43E5CF81-8406-499B-8CC9-3D08D00FB972}"
EndProject
Project("{FAE04EC0-301F-11D3-BF4B-00C04F79EFBC}") = "API", "src\API\API.csproj", "{9ACCAA6C-2370-46FE-BC2A-0B6337211750}"
EndProject
Project("{FAE04EC0-301F-11D3-BF4B-00C04F79EFBC}") = "Notification", "src\Notification\Notification.csproj", "{F9C29948-BC38-4589-B1D2-AB3CC7C9386E}"
EndProject
Global
	GlobalSection(SolutionConfigurationPlatforms) = preSolution
		Debug|Any CPU = Debug|Any CPU
		Release|Any CPU = Release|Any CPU
	EndGlobalSection
	GlobalSection(ProjectConfigurationPlatforms) = postSolution
		{E7518682-5ED6-441C-93E9-83F68FC37415}.Debug|Any CPU.ActiveCfg = Debug|Any CPU
		{E7518682-5ED6-441C-93E9-83F68FC37415}.Debug|Any CPU.Build.0 = Debug|Any CPU
		{E7518682-5ED6-441C-93E9-83F68FC37415}.Release|Any CPU.ActiveCfg = Release|Any CPU
		{E7518682-5ED6-441C-93E9-83F68FC37415}.Release|Any CPU.Build.0 = Release|Any CPU
		{483FA8EA-2897-4DE9-9697-F7BCB8ED74C9}.Debug|Any CPU.ActiveCfg = Debug|Any CPU
		{483FA8EA-2897-4DE9-9697-F7BCB8ED74C9}.Debug|Any CPU.Build.0 = Debug|Any CPU
		{483FA8EA-2897-4DE9-9697-F7BCB8ED74C9}.Release|Any CPU.ActiveCfg = Release|Any CPU
		{483FA8EA-2897-4DE9-9697-F7BCB8ED74C9}.Release|Any CPU.Build.0 = Release|Any CPU
		{5AAF5C7D-A4DE-43DF-9968-F561FD04E011}.Debug|Any CPU.ActiveCfg = Debug|Any CPU
		{5AAF5C7D-A4DE-43DF-9968-F561FD04E011}.Debug|Any CPU.Build.0 = Debug|Any CPU
		{5AAF5C7D-A4DE-43DF-9968-F561FD04E011}.Release|Any CPU.ActiveCfg = Release|Any CPU
		{5AAF5C7D-A4DE-43DF-9968-F561FD04E011}.Release|Any CPU.Build.0 = Release|Any CPU
		{43E5CF81-8406-499B-8CC9-3D08D00FB972}.Debug|Any CPU.ActiveCfg = Debug|Any CPU
		{43E5CF81-8406-499B-8CC9-3D08D00FB972}.Debug|Any CPU.Build.0 = Debug|Any CPU
		{43E5CF81-8406-499B-8CC9-3D08D00FB972}.Release|Any CPU.ActiveCfg = Release|Any CPU
		{43E5CF81-8406-499B-8CC9-3D08D00FB972}.Release|Any CPU.Build.0 = Release|Any CPU
		{9ACCAA6C-2370-46FE-BC2A-0B6337211750}.Debug|Any CPU.ActiveCfg = Debug|Any CPU
		{9ACCAA6C-2370-46FE-BC2A-0B6337211750}.Debug|Any CPU.Build.0 = Debug|Any CPU
		{9ACCAA6C-2370-46FE-BC2A-0B6337211750}.Release|Any CPU.ActiveCfg = Release|Any CPU
		{9ACCAA6C-2370-46FE-BC2A-0B6337211750}.Release|Any CPU.Build.0 = Release|Any CPU
		{F9C29948-BC38-4589-B1D2-AB3CC7C9386E}.Debug|Any CPU.ActiveCfg = Debug|Any CPU
		{F9C29948-BC38-4589-B1D2-AB3CC7C9386E}.Debug|Any CPU.Build.0 = Debug|Any CPU
		{F9C29948-BC38-4589-B1D2-AB3CC7C9386E}.Release|Any CPU.ActiveCfg = Release|Any CPU
		{F9C29948-BC38-4589-B1D2-AB3CC7C9386E}.Release|Any CPU.Build.0 = Release|Any CPU
	EndGlobalSection
EndGlobal
